// !$*UTF8*$!
{
	archiveVersion = 1;
	classes = {
	};
	objectVersion = 50;
	objects = {

/* Begin PBXBuildFile section */
		B9F764D925A332A60016D3FA /* AppDelegate.swift in Sources */ = {isa = PBXBuildFile; fileRef = B9F764D825A332A60016D3FA /* AppDelegate.swift */; };
		B9F764DB25A332A60016D3FA /* SceneDelegate.swift in Sources */ = {isa = PBXBuildFile; fileRef = B9F764DA25A332A60016D3FA /* SceneDelegate.swift */; };
		B9F764E025A332A60016D3FA /* Main.storyboard in Resources */ = {isa = PBXBuildFile; fileRef = B9F764DE25A332A60016D3FA /* Main.storyboard */; };
		B9F764E225A332A90016D3FA /* Assets.xcassets in Resources */ = {isa = PBXBuildFile; fileRef = B9F764E125A332A90016D3FA /* Assets.xcassets */; };
		B9F764E525A332A90016D3FA /* LaunchScreen.storyboard in Resources */ = {isa = PBXBuildFile; fileRef = B9F764E325A332A90016D3FA /* LaunchScreen.storyboard */; };
		B9F764F025A332A90016D3FA /* BountyListTests.swift in Sources */ = {isa = PBXBuildFile; fileRef = B9F764EF25A332A90016D3FA /* BountyListTests.swift */; };
		B9F764FB25A332A90016D3FA /* BountyListUITests.swift in Sources */ = {isa = PBXBuildFile; fileRef = B9F764FA25A332A90016D3FA /* BountyListUITests.swift */; };
		B9F7650F25A3348C0016D3FA /* BountyViewController.swift in Sources */ = {isa = PBXBuildFile; fileRef = B9F7650E25A3348C0016D3FA /* BountyViewController.swift */; };
/* End PBXBuildFile section */

/* Begin PBXContainerItemProxy section */
		B9F764EC25A332A90016D3FA /* PBXContainerItemProxy */ = {
			isa = PBXContainerItemProxy;
			containerPortal = B9F764CD25A332A60016D3FA /* Project object */;
			proxyType = 1;
			remoteGlobalIDString = B9F764D425A332A60016D3FA;
			remoteInfo = BountyList;
		};
		B9F764F725A332A90016D3FA /* PBXContainerItemProxy */ = {
			isa = PBXContainerItemProxy;
			containerPortal = B9F764CD25A332A60016D3FA /* Project object */;
			proxyType = 1;
			remoteGlobalIDString = B9F764D425A332A60016D3FA;
			remoteInfo = BountyList;
		};
/* End PBXContainerItemProxy section */

/* Begin PBXFileReference section */
		B9F764D525A332A60016D3FA /* BountyList.app */ = {isa = PBXFileReference; explicitFileType = wrapper.application; includeInIndex = 0; path = BountyList.app; sourceTree = BUILT_PRODUCTS_DIR; };
		B9F764D825A332A60016D3FA /* AppDelegate.swift */ = {isa = PBXFileReference; lastKnownFileType = sourcecode.swift; path = AppDelegate.swift; sourceTree = "<group>"; };
		B9F764DA25A332A60016D3FA /* SceneDelegate.swift */ = {isa = PBXFileReference; lastKnownFileType = sourcecode.swift; path = SceneDelegate.swift; sourceTree = "<group>"; };
		B9F764DF25A332A60016D3FA /* Base */ = {isa = PBXFileReference; lastKnownFileType = file.storyboard; name = Base; path = Base.lproj/Main.storyboard; sourceTree = "<group>"; };
		B9F764E125A332A90016D3FA /* Assets.xcassets */ = {isa = PBXFileReference; lastKnownFileType = folder.assetcatalog; path = Assets.xcassets; sourceTree = "<group>"; };
		B9F764E425A332A90016D3FA /* Base */ = {isa = PBXFileReference; lastKnownFileType = file.storyboard; name = Base; path = Base.lproj/LaunchScreen.storyboard; sourceTree = "<group>"; };
		B9F764E625A332A90016D3FA /* Info.plist */ = {isa = PBXFileReference; lastKnownFileType = text.plist.xml; path = Info.plist; sourceTree = "<group>"; };
		B9F764EB25A332A90016D3FA /* BountyListTests.xctest */ = {isa = PBXFileReference; explicitFileType = wrapper.cfbundle; includeInIndex = 0; path = BountyListTests.xctest; sourceTree = BUILT_PRODUCTS_DIR; };
		B9F764EF25A332A90016D3FA /* BountyListTests.swift */ = {isa = PBXFileReference; lastKnownFileType = sourcecode.swift; path = BountyListTests.swift; sourceTree = "<group>"; };
		B9F764F125A332A90016D3FA /* Info.plist */ = {isa = PBXFileReference; lastKnownFileType = text.plist.xml; path = Info.plist; sourceTree = "<group>"; };
		B9F764F625A332A90016D3FA /* BountyListUITests.xctest */ = {isa = PBXFileReference; explicitFileType = wrapper.cfbundle; includeInIndex = 0; path = BountyListUITests.xctest; sourceTree = BUILT_PRODUCTS_DIR; };
		B9F764FA25A332A90016D3FA /* BountyListUITests.swift */ = {isa = PBXFileReference; lastKnownFileType = sourcecode.swift; path = BountyListUITests.swift; sourceTree = "<group>"; };
		B9F764FC25A332A90016D3FA /* Info.plist */ = {isa = PBXFileReference; lastKnownFileType = text.plist.xml; path = Info.plist; sourceTree = "<group>"; };
		B9F7650E25A3348C0016D3FA /* BountyViewController.swift */ = {isa = PBXFileReference; lastKnownFileType = sourcecode.swift; path = BountyViewController.swift; sourceTree = "<group>"; };
/* End PBXFileReference section */

/* Begin PBXFrameworksBuildPhase section */
		B9F764D225A332A60016D3FA /* Frameworks */ = {
			isa = PBXFrameworksBuildPhase;
			buildActionMask = 2147483647;
			files = (
			);
			runOnlyForDeploymentPostprocessing = 0;
		};
		B9F764E825A332A90016D3FA /* Frameworks */ = {
			isa = PBXFrameworksBuildPhase;
			buildActionMask = 2147483647;
			files = (
			);
			runOnlyForDeploymentPostprocessing = 0;
		};
		B9F764F325A332A90016D3FA /* Frameworks */ = {
			isa = PBXFrameworksBuildPhase;
			buildActionMask = 2147483647;
			files = (
			);
			runOnlyForDeploymentPostprocessing = 0;
		};
/* End PBXFrameworksBuildPhase section */

/* Begin PBXGroup section */
		B9F764CC25A332A60016D3FA = {
			isa = PBXGroup;
			children = (
				B9F764D725A332A60016D3FA /* BountyList */,
				B9F764EE25A332A90016D3FA /* BountyListTests */,
				B9F764F925A332A90016D3FA /* BountyListUITests */,
				B9F764D625A332A60016D3FA /* Products */,
			);
			sourceTree = "<group>";
		};
		B9F764D625A332A60016D3FA /* Products */ = {
			isa = PBXGroup;
			children = (
				B9F764D525A332A60016D3FA /* BountyList.app */,
				B9F764EB25A332A90016D3FA /* BountyListTests.xctest */,
				B9F764F625A332A90016D3FA /* BountyListUITests.xctest */,
			);
			name = Products;
			sourceTree = "<group>";
		};
		B9F764D725A332A60016D3FA /* BountyList */ = {
			isa = PBXGroup;
			children = (
				B9F764D825A332A60016D3FA /* AppDelegate.swift */,
				B9F7650E25A3348C0016D3FA /* BountyViewController.swift */,
				B9F764DA25A332A60016D3FA /* SceneDelegate.swift */,
				B9F764DE25A332A60016D3FA /* Main.storyboard */,
				B9F764E125A332A90016D3FA /* Assets.xcassets */,
				B9F764E325A332A90016D3FA /* LaunchScreen.storyboard */,
				B9F764E625A332A90016D3FA /* Info.plist */,
			);
			path = BountyList;
			sourceTree = "<group>";
		};
		B9F764EE25A332A90016D3FA /* BountyListTests */ = {
			isa = PBXGroup;
			children = (
				B9F764EF25A332A90016D3FA /* BountyListTests.swift */,
				B9F764F125A332A90016D3FA /* Info.plist */,
			);
			path = BountyListTests;
			sourceTree = "<group>";
		};
		B9F764F925A332A90016D3FA /* BountyListUITests */ = {
			isa = PBXGroup;
			children = (
				B9F764FA25A332A90016D3FA /* BountyListUITests.swift */,
				B9F764FC25A332A90016D3FA /* Info.plist */,
			);
			path = BountyListUITests;
			sourceTree = "<group>";
		};
/* End PBXGroup section */

/* Begin PBXNativeTarget section */
		B9F764D425A332A60016D3FA /* BountyList */ = {
			isa = PBXNativeTarget;
			buildConfigurationList = B9F764FF25A332A90016D3FA /* Build configuration list for PBXNativeTarget "BountyList" */;
			buildPhases = (
				B9F764D125A332A60016D3FA /* Sources */,
				B9F764D225A332A60016D3FA /* Frameworks */,
				B9F764D325A332A60016D3FA /* Resources */,
			);
			buildRules = (
			);
			dependencies = (
			);
			name = BountyList;
			productName = BountyList;
			productReference = B9F764D525A332A60016D3FA /* BountyList.app */;
			productType = "com.apple.product-type.application";
		};
		B9F764EA25A332A90016D3FA /* BountyListTests */ = {
			isa = PBXNativeTarget;
			buildConfigurationList = B9F7650225A332A90016D3FA /* Build configuration list for PBXNativeTarget "BountyListTests" */;
			buildPhases = (
				B9F764E725A332A90016D3FA /* Sources */,
				B9F764E825A332A90016D3FA /* Frameworks */,
				B9F764E925A332A90016D3FA /* Resources */,
			);
			buildRules = (
			);
			dependencies = (
				B9F764ED25A332A90016D3FA /* PBXTargetDependency */,
			);
			name = BountyListTests;
			productName = BountyListTests;
			productReference = B9F764EB25A332A90016D3FA /* BountyListTests.xctest */;
			productType = "com.apple.product-type.bundle.unit-test";
		};
		B9F764F525A332A90016D3FA /* BountyListUITests */ = {
			isa = PBXNativeTarget;
			buildConfigurationList = B9F7650525A332A90016D3FA /* Build configuration list for PBXNativeTarget "BountyListUITests" */;
			buildPhases = (
				B9F764F225A332A90016D3FA /* Sources */,
				B9F764F325A332A90016D3FA /* Frameworks */,
				B9F764F425A332A90016D3FA /* Resources */,
			);
			buildRules = (
			);
			dependencies = (
				B9F764F825A332A90016D3FA /* PBXTargetDependency */,
			);
			name = BountyListUITests;
			productName = BountyListUITests;
			productReference = B9F764F625A332A90016D3FA /* BountyListUITests.xctest */;
			productType = "com.apple.product-type.bundle.ui-testing";
		};
/* End PBXNativeTarget section */

/* Begin PBXProject section */
		B9F764CD25A332A60016D3FA /* Project object */ = {
			isa = PBXProject;
			attributes = {
				LastSwiftUpdateCheck = 1230;
				LastUpgradeCheck = 1230;
				TargetAttributes = {
					B9F764D425A332A60016D3FA = {
						CreatedOnToolsVersion = 12.3;
					};
					B9F764EA25A332A90016D3FA = {
						CreatedOnToolsVersion = 12.3;
						TestTargetID = B9F764D425A332A60016D3FA;
					};
					B9F764F525A332A90016D3FA = {
						CreatedOnToolsVersion = 12.3;
						TestTargetID = B9F764D425A332A60016D3FA;
					};
				};
			};
			buildConfigurationList = B9F764D025A332A60016D3FA /* Build configuration list for PBXProject "BountyList" */;
			compatibilityVersion = "Xcode 9.3";
			developmentRegion = en;
			hasScannedForEncodings = 0;
			knownRegions = (
				en,
				Base,
			);
			mainGroup = B9F764CC25A332A60016D3FA;
			productRefGroup = B9F764D625A332A60016D3FA /* Products */;
			projectDirPath = "";
			projectRoot = "";
			targets = (
				B9F764D425A332A60016D3FA /* BountyList */,
				B9F764EA25A332A90016D3FA /* BountyListTests */,
				B9F764F525A332A90016D3FA /* BountyListUITests */,
			);
		};
/* End PBXProject section */

/* Begin PBXResourcesBuildPhase section */
		B9F764D325A332A60016D3FA /* Resources */ = {
			isa = PBXResourcesBuildPhase;
			buildActionMask = 2147483647;
			files = (
				B9F764E525A332A90016D3FA /* LaunchScreen.storyboard in Resources */,
				B9F764E225A332A90016D3FA /* Assets.xcassets in Resources */,
				B9F764E025A332A60016D3FA /* Main.storyboard in Resources */,
			);
			runOnlyForDeploymentPostprocessing = 0;
		};
		B9F764E925A332A90016D3FA /* Resources */ = {
			isa = PBXResourcesBuildPhase;
			buildActionMask = 2147483647;
			files = (
			);
			runOnlyForDeploymentPostprocessing = 0;
		};
		B9F764F425A332A90016D3FA /* Resources */ = {
			isa = PBXResourcesBuildPhase;
			buildActionMask = 2147483647;
			files = (
			);
			runOnlyForDeploymentPostprocessing = 0;
		};
/* End PBXResourcesBuildPhase section */

/* Begin PBXSourcesBuildPhase section */
		B9F764D125A332A60016D3FA /* Sources */ = {
			isa = PBXSourcesBuildPhase;
			buildActionMask = 2147483647;
			files = (
				B9F764D925A332A60016D3FA /* AppDelegate.swift in Sources */,
				B9F7650F25A3348C0016D3FA /* BountyViewController.swift in Sources */,
				B9F764DB25A332A60016D3FA /* SceneDelegate.swift in Sources */,
			);
			runOnlyForDeploymentPostprocessing = 0;
		};
		B9F764E725A332A90016D3FA /* Sources */ = {
			isa = PBXSourcesBuildPhase;
			buildActionMask = 2147483647;
			files = (
				B9F764F025A332A90016D3FA /* BountyListTests.swift in Sources */,
			);
			runOnlyForDeploymentPostprocessing = 0;
		};
		B9F764F225A332A90016D3FA /* Sources */ = {
			isa = PBXSourcesBuildPhase;
			buildActionMask = 2147483647;
			files = (
				B9F764FB25A332A90016D3FA /* BountyListUITests.swift in Sources */,
			);
			runOnlyForDeploymentPostprocessing = 0;
		};
/* End PBXSourcesBuildPhase section */

/* Begin PBXTargetDependency section */
		B9F764ED25A332A90016D3FA /* PBXTargetDependency */ = {
			isa = PBXTargetDependency;
			target = B9F764D425A332A60016D3FA /* BountyList */;
			targetProxy = B9F764EC25A332A90016D3FA /* PBXContainerItemProxy */;
		};
		B9F764F825A332A90016D3FA /* PBXTargetDependency */ = {
			isa = PBXTargetDependency;
			target = B9F764D425A332A60016D3FA /* BountyList */;
			targetProxy = B9F764F725A332A90016D3FA /* PBXContainerItemProxy */;
		};
/* End PBXTargetDependency section */

/* Begin PBXVariantGroup section */
		B9F764DE25A332A60016D3FA /* Main.storyboard */ = {
			isa = PBXVariantGroup;
			children = (
				B9F764DF25A332A60016D3FA /* Base */,
			);
			name = Main.storyboard;
			sourceTree = "<group>";
		};
		B9F764E325A332A90016D3FA /* LaunchScreen.storyboard */ = {
			isa = PBXVariantGroup;
			children = (
				B9F764E425A332A90016D3FA /* Base */,
			);
			name = LaunchScreen.storyboard;
			sourceTree = "<group>";
		};
/* End PBXVariantGroup section */

/* Begin XCBuildConfiguration section */
		B9F764FD25A332A90016D3FA /* Debug */ = {
			isa = XCBuildConfiguration;
			buildSettings = {
				ALWAYS_SEARCH_USER_PATHS = NO;
				CLANG_ANALYZER_NONNULL = YES;
				CLANG_ANALYZER_NUMBER_OBJECT_CONVERSION = YES_AGGRESSIVE;
				CLANG_CXX_LANGUAGE_STANDARD = "gnu++14";
				CLANG_CXX_LIBRARY = "libc++";
				CLANG_ENABLE_MODULES = YES;
				CLANG_ENABLE_OBJC_ARC = YES;
				CLANG_ENABLE_OBJC_WEAK = YES;
				CLANG_WARN_BLOCK_CAPTURE_AUTORELEASING = YES;
				CLANG_WARN_BOOL_CONVERSION = YES;
				CLANG_WARN_COMMA = YES;
				CLANG_WARN_CONSTANT_CONVERSION = YES;
				CLANG_WARN_DEPRECATED_OBJC_IMPLEMENTATIONS = YES;
				CLANG_WARN_DIRECT_OBJC_ISA_USAGE = YES_ERROR;
				CLANG_WARN_DOCUMENTATION_COMMENTS = YES;
				CLANG_WARN_EMPTY_BODY = YES;
				CLANG_WARN_ENUM_CONVERSION = YES;
				CLANG_WARN_INFINITE_RECURSION = YES;
				CLANG_WARN_INT_CONVERSION = YES;
				CLANG_WARN_NON_LITERAL_NULL_CONVERSION = YES;
				CLANG_WARN_OBJC_IMPLICIT_RETAIN_SELF = YES;
				CLANG_WARN_OBJC_LITERAL_CONVERSION = YES;
				CLANG_WARN_OBJC_ROOT_CLASS = YES_ERROR;
				CLANG_WARN_QUOTED_INCLUDE_IN_FRAMEWORK_HEADER = YES;
				CLANG_WARN_RANGE_LOOP_ANALYSIS = YES;
				CLANG_WARN_STRICT_PROTOTYPES = YES;
				CLANG_WARN_SUSPICIOUS_MOVE = YES;
				CLANG_WARN_UNGUARDED_AVAILABILITY = YES_AGGRESSIVE;
				CLANG_WARN_UNREACHABLE_CODE = YES;
				CLANG_WARN__DUPLICATE_METHOD_MATCH = YES;
				COPY_PHASE_STRIP = NO;
				DEBUG_INFORMATION_FORMAT = dwarf;
				ENABLE_STRICT_OBJC_MSGSEND = YES;
				ENABLE_TESTABILITY = YES;
				GCC_C_LANGUAGE_STANDARD = gnu11;
				GCC_DYNAMIC_NO_PIC = NO;
				GCC_NO_COMMON_BLOCKS = YES;
				GCC_OPTIMIZATION_LEVEL = 0;
				GCC_PREPROCESSOR_DEFINITIONS = (
					"DEBUG=1",
					"$(inherited)",
				);
				GCC_WARN_64_TO_32_BIT_CONVERSION = YES;
				GCC_WARN_ABOUT_RETURN_TYPE = YES_ERROR;
				GCC_WARN_UNDECLARED_SELECTOR = YES;
				GCC_WARN_UNINITIALIZED_AUTOS = YES_AGGRESSIVE;
				GCC_WARN_UNUSED_FUNCTION = YES;
				GCC_WARN_UNUSED_VARIABLE = YES;
				IPHONEOS_DEPLOYMENT_TARGET = 14.3;
				MTL_ENABLE_DEBUG_INFO = INCLUDE_SOURCE;
				MTL_FAST_MATH = YES;
				ONLY_ACTIVE_ARCH = YES;
				SDKROOT = iphoneos;
				SWIFT_ACTIVE_COMPILATION_CONDITIONS = DEBUG;
				SWIFT_OPTIMIZATION_LEVEL = "-Onone";
			};
			name = Debug;
		};
		B9F764FE25A332A90016D3FA /* Release */ = {
			isa = XCBuildConfiguration;
			buildSettings = {
				ALWAYS_SEARCH_USER_PATHS = NO;
				CLANG_ANALYZER_NONNULL = YES;
				CLANG_ANALYZER_NUMBER_OBJECT_CONVERSION = YES_AGGRESSIVE;
				CLANG_CXX_LANGUAGE_STANDARD = "gnu++14";
				CLANG_CXX_LIBRARY = "libc++";
				CLANG_ENABLE_MODULES = YES;
				CLANG_ENABLE_OBJC_ARC = YES;
				CLANG_ENABLE_OBJC_WEAK = YES;
				CLANG_WARN_BLOCK_CAPTURE_AUTORELEASING = YES;
				CLANG_WARN_BOOL_CONVERSION = YES;
				CLANG_WARN_COMMA = YES;
				CLANG_WARN_CONSTANT_CONVERSION = YES;
				CLANG_WARN_DEPRECATED_OBJC_IMPLEMENTATIONS = YES;
				CLANG_WARN_DIRECT_OBJC_ISA_USAGE = YES_ERROR;
				CLANG_WARN_DOCUMENTATION_COMMENTS = YES;
				CLANG_WARN_EMPTY_BODY = YES;
				CLANG_WARN_ENUM_CONVERSION = YES;
				CLANG_WARN_INFINITE_RECURSION = YES;
				CLANG_WARN_INT_CONVERSION = YES;
				CLANG_WARN_NON_LITERAL_NULL_CONVERSION = YES;
				CLANG_WARN_OBJC_IMPLICIT_RETAIN_SELF = YES;
				CLANG_WARN_OBJC_LITERAL_CONVERSION = YES;
				CLANG_WARN_OBJC_ROOT_CLASS = YES_ERROR;
				CLANG_WARN_QUOTED_INCLUDE_IN_FRAMEWORK_HEADER = YES;
				CLANG_WARN_RANGE_LOOP_ANALYSIS = YES;
				CLANG_WARN_STRICT_PROTOTYPES = YES;
				CLANG_WARN_SUSPICIOUS_MOVE = YES;
				CLANG_WARN_UNGUARDED_AVAILABILITY = YES_AGGRESSIVE;
				CLANG_WARN_UNREACHABLE_CODE = YES;
				CLANG_WARN__DUPLICATE_METHOD_MATCH = YES;
				COPY_PHASE_STRIP = NO;
				DEBUG_INFORMATION_FORMAT = "dwarf-with-dsym";
				ENABLE_NS_ASSERTIONS = NO;
				ENABLE_STRICT_OBJC_MSGSEND = YES;
				GCC_C_LANGUAGE_STANDARD = gnu11;
				GCC_NO_COMMON_BLOCKS = YES;
				GCC_WARN_64_TO_32_BIT_CONVERSION = YES;
				GCC_WARN_ABOUT_RETURN_TYPE = YES_ERROR;
				GCC_WARN_UNDECLARED_SELECTOR = YES;
				GCC_WARN_UNINITIALIZED_AUTOS = YES_AGGRESSIVE;
				GCC_WARN_UNUSED_FUNCTION = YES;
				GCC_WARN_UNUSED_VARIABLE = YES;
				IPHONEOS_DEPLOYMENT_TARGET = 14.3;
				MTL_ENABLE_DEBUG_INFO = NO;
				MTL_FAST_MATH = YES;
				SDKROOT = iphoneos;
				SWIFT_COMPILATION_MODE = wholemodule;
				SWIFT_OPTIMIZATION_LEVEL = "-O";
				VALIDATE_PRODUCT = YES;
			};
			name = Release;
		};
		B9F7650025A332A90016D3FA /* Debug */ = {
			isa = XCBuildConfiguration;
			buildSettings = {
				ASSETCATALOG_COMPILER_APPICON_NAME = AppIcon;
				ASSETCATALOG_COMPILER_GLOBAL_ACCENT_COLOR_NAME = AccentColor;
				CODE_SIGN_STYLE = Automatic;
				INFOPLIST_FILE = BountyList/Info.plist;
				LD_RUNPATH_SEARCH_PATHS = (
					"$(inherited)",
					"@executable_path/Frameworks",
				);
				PRODUCT_BUNDLE_IDENTIFIER = com.jihwan.BountyList;
				PRODUCT_NAME = "$(TARGET_NAME)";
				SWIFT_VERSION = 5.0;
				TARGETED_DEVICE_FAMILY = "1,2";
			};
			name = Debug;
		};
		B9F7650125A332A90016D3FA /* Release */ = {
			isa = XCBuildConfiguration;
			buildSettings = {
				ASSETCATALOG_COMPILER_APPICON_NAME = AppIcon;
				ASSETCATALOG_COMPILER_GLOBAL_ACCENT_COLOR_NAME = AccentColor;
				CODE_SIGN_STYLE = Automatic;
				INFOPLIST_FILE = BountyList/Info.plist;
				LD_RUNPATH_SEARCH_PATHS = (
					"$(inherited)",
					"@executable_path/Frameworks",
				);
				PRODUCT_BUNDLE_IDENTIFIER = com.jihwan.BountyList;
				PRODUCT_NAME = "$(TARGET_NAME)";
				SWIFT_VERSION = 5.0;
				TARGETED_DEVICE_FAMILY = "1,2";
			};
			name = Release;
		};
		B9F7650325A332A90016D3FA /* Debug */ = {
			isa = XCBuildConfiguration;
			buildSettings = {
				ALWAYS_EMBED_SWIFT_STANDARD_LIBRARIES = YES;
				BUNDLE_LOADER = "$(TEST_HOST)";
				CODE_SIGN_STYLE = Automatic;
				INFOPLIST_FILE = BountyListTests/Info.plist;
				IPHONEOS_DEPLOYMENT_TARGET = 14.3;
				LD_RUNPATH_SEARCH_PATHS = (
					"$(inherited)",
					"@executable_path/Frameworks",
					"@loader_path/Frameworks",
				);
				PRODUCT_BUNDLE_IDENTIFIER = com.jihwan.BountyListTests;
				PRODUCT_NAME = "$(TARGET_NAME)";
				SWIFT_VERSION = 5.0;
				TARGETED_DEVICE_FAMILY = "1,2";
				TEST_HOST = "$(BUILT_PRODUCTS_DIR)/BountyList.app/BountyList";
			};
			name = Debug;
		};
		B9F7650425A332A90016D3FA /* Release */ = {
			isa = XCBuildConfiguration;
			buildSettings = {
				ALWAYS_EMBED_SWIFT_STANDARD_LIBRARIES = YES;
				BUNDLE_LOADER = "$(TEST_HOST)";
				CODE_SIGN_STYLE = Automatic;
				INFOPLIST_FILE = BountyListTests/Info.plist;
				IPHONEOS_DEPLOYMENT_TARGET = 14.3;
				LD_RUNPATH_SEARCH_PATHS = (
					"$(inherited)",
					"@executable_path/Frameworks",
					"@loader_path/Frameworks",
				);
				PRODUCT_BUNDLE_IDENTIFIER = com.jihwan.BountyListTests;
				PRODUCT_NAME = "$(TARGET_NAME)";
				SWIFT_VERSION = 5.0;
				TARGETED_DEVICE_FAMILY = "1,2";
				TEST_HOST = "$(BUILT_PRODUCTS_DIR)/BountyList.app/BountyList";
			};
			name = Release;
		};
		B9F7650625A332A90016D3FA /* Debug */ = {
			isa = XCBuildConfiguration;
			buildSettings = {
				ALWAYS_EMBED_SWIFT_STANDARD_LIBRARIES = YES;
				CODE_SIGN_STYLE = Automatic;
				INFOPLIST_FILE = BountyListUITests/Info.plist;
				LD_RUNPATH_SEARCH_PATHS = (
					"$(inherited)",
					"@executable_path/Frameworks",
					"@loader_path/Frameworks",
				);
				PRODUCT_BUNDLE_IDENTIFIER = com.jihwan.BountyListUITests;
				PRODUCT_NAME = "$(TARGET_NAME)";
				SWIFT_VERSION = 5.0;
				TARGETED_DEVICE_FAMILY = "1,2";
				TEST_TARGET_NAME = BountyList;
			};
			name = Debug;
		};
		B9F7650725A332A90016D3FA /* Release */ = {
			isa = XCBuildConfiguration;
			buildSettings = {
				ALWAYS_EMBED_SWIFT_STANDARD_LIBRARIES = YES;
				CODE_SIGN_STYLE = Automatic;
				INFOPLIST_FILE = BountyListUITests/Info.plist;
				LD_RUNPATH_SEARCH_PATHS = (
					"$(inherited)",
					"@executable_path/Frameworks",
					"@loader_path/Frameworks",
				);
				PRODUCT_BUNDLE_IDENTIFIER = com.jihwan.BountyListUITests;
				PRODUCT_NAME = "$(TARGET_NAME)";
				SWIFT_VERSION = 5.0;
				TARGETED_DEVICE_FAMILY = "1,2";
				TEST_TARGET_NAME = BountyList;
			};
			name = Release;
		};
/* End XCBuildConfiguration section */

/* Begin XCConfigurationList section */
		B9F764D025A332A60016D3FA /* Build configuration list for PBXProject "BountyList" */ = {
			isa = XCConfigurationList;
			buildConfigurations = (
				B9F764FD25A332A90016D3FA /* Debug */,
				B9F764FE25A332A90016D3FA /* Release */,
			);
			defaultConfigurationIsVisible = 0;
			defaultConfigurationName = Release;
		};
		B9F764FF25A332A90016D3FA /* Build configuration list for PBXNativeTarget "BountyList" */ = {
			isa = XCConfigurationList;
			buildConfigurations = (
				B9F7650025A332A90016D3FA /* Debug */,
				B9F7650125A332A90016D3FA /* Release */,
			);
			defaultConfigurationIsVisible = 0;
			defaultConfigurationName = Release;
		};
		B9F7650225A332A90016D3FA /* Build configuration list for PBXNativeTarget "BountyListTests" */ = {
			isa = XCConfigurationList;
			buildConfigurations = (
				B9F7650325A332A90016D3FA /* Debug */,
				B9F7650425A332A90016D3FA /* Release */,
			);
			defaultConfigurationIsVisible = 0;
			defaultConfigurationName = Release;
		};
		B9F7650525A332A90016D3FA /* Build configuration list for PBXNativeTarget "BountyListUITests" */ = {
			isa = XCConfigurationList;
			buildConfigurations = (
				B9F7650625A332A90016D3FA /* Debug */,
				B9F7650725A332A90016D3FA /* Release */,
			);
			defaultConfigurationIsVisible = 0;
			defaultConfigurationName = Release;
		};
/* End XCConfigurationList section */
	};
	rootObject = B9F764CD25A332A60016D3FA /* Project object */;
}
